
Microsoft Visual Studio Solution File, Format Version 12.00
# Visual Studio Version 17
VisualStudioVersion = 17.9.34723.18
MinimumVisualStudioVersion = 10.0.40219.1
Project("{FAE04EC0-301F-11D3-BF4B-00C04F79EFBC}") = "apiweb.churras.show", "apiweb.churras.show\apiweb.churras.show.csproj", "{D2EC113E-AE10-44EC-986A-30185F942841}"
EndProject
Global
	GlobalSection(SolutionConfigurationPlatforms) = preSolution
		Debug|Any CPU = Debug|Any CPU
		Release|Any CPU = Release|Any CPU
	EndGlobalSection
	GlobalSection(ProjectConfigurationPlatforms) = postSolution
		{D2EC113E-AE10-44EC-986A-30185F942841}.Debug|Any CPU.ActiveCfg = Debug|Any CPU
		{D2EC113E-AE10-44EC-986A-30185F942841}.Debug|Any CPU.Build.0 = Debug|Any CPU
		{D2EC113E-AE10-44EC-986A-30185F942841}.Release|Any CPU.ActiveCfg = Release|Any CPU
		{D2EC113E-AE10-44EC-986A-30185F942841}.Release|Any CPU.Build.0 = Release|Any CPU
	EndGlobalSection
	GlobalSection(SolutionProperties) = preSolution
		HideSolutionNode = FALSE
	EndGlobalSection
	GlobalSection(ExtensibilityGlobals) = postSolution
		SolutionGuid = {94C4BF77-56E1-4387-9E0F-716AD1102477}
	EndGlobalSection
EndGlobal
